// !$*UTF8*$!
{
	archiveVersion = 1;
	classes = {
	};
	objectVersion = 50;
	objects = {

/* Begin PBXBuildFile section */
		50AC2F42D1E75BD2F5B369DF /* Pods_Jay_Domain.framework in Frameworks */ = {isa = PBXBuildFile; fileRef = 102051F96F099C33C2CEA488 /* Pods_Jay_Domain.framework */; };
		6D43172421B1798800CCD7ED /* Result.swift in Sources */ = {isa = PBXBuildFile; fileRef = 6D43172321B1798800CCD7ED /* Result.swift */; };
		6D43172821B179D700CCD7ED /* Authorization.swift in Sources */ = {isa = PBXBuildFile; fileRef = 6D43172621B179D700CCD7ED /* Authorization.swift */; };
		6D43172B21B17A1E00CCD7ED /* User.swift in Sources */ = {isa = PBXBuildFile; fileRef = 6D43172A21B17A1E00CCD7ED /* User.swift */; };
		6D43172E21B17AA300CCD7ED /* Reader.swift in Sources */ = {isa = PBXBuildFile; fileRef = 6D43172D21B17AA300CCD7ED /* Reader.swift */; };
		6D43173021B17B2000CCD7ED /* Operators.swift in Sources */ = {isa = PBXBuildFile; fileRef = 6D43172F21B17B2000CCD7ED /* Operators.swift */; };
		6D43173321B17B5E00CCD7ED /* UsersRepository.swift in Sources */ = {isa = PBXBuildFile; fileRef = 6D43173221B17B5D00CCD7ED /* UsersRepository.swift */; };
		6D4675B221B16284000EC970 /* Jay_Domain.framework in Frameworks */ = {isa = PBXBuildFile; fileRef = 6D4675A821B16284000EC970 /* Jay_Domain.framework */; };
		6D4675B921B16284000EC970 /* Jay_Domain.h in Headers */ = {isa = PBXBuildFile; fileRef = 6D4675AB21B16284000EC970 /* Jay_Domain.h */; settings = {ATTRIBUTES = (Public, ); }; };
/* End PBXBuildFile section */

/* Begin PBXContainerItemProxy section */
		6D4675B321B16284000EC970 /* PBXContainerItemProxy */ = {
			isa = PBXContainerItemProxy;
			containerPortal = 6D46759F21B16284000EC970 /* Project object */;
			proxyType = 1;
			remoteGlobalIDString = 6D4675A721B16284000EC970;
			remoteInfo = Jay.Domain;
		};
/* End PBXContainerItemProxy section */

/* Begin PBXFileReference section */
		102051F96F099C33C2CEA488 /* Pods_Jay_Domain.framework */ = {isa = PBXFileReference; explicitFileType = wrapper.framework; includeInIndex = 0; path = Pods_Jay_Domain.framework; sourceTree = BUILT_PRODUCTS_DIR; };
		1FBD56D0004A418343026F06 /* Pods-Jay.Domain.debug.xcconfig */ = {isa = PBXFileReference; includeInIndex = 1; lastKnownFileType = text.xcconfig; name = "Pods-Jay.Domain.debug.xcconfig"; path = "../Pods/Target Support Files/Pods-Jay.Domain/Pods-Jay.Domain.debug.xcconfig"; sourceTree = "<group>"; };
		462E4C70AC1A3E5B3F654FD8 /* Pods-Jay.Domain.release.xcconfig */ = {isa = PBXFileReference; includeInIndex = 1; lastKnownFileType = text.xcconfig; name = "Pods-Jay.Domain.release.xcconfig"; path = "../Pods/Target Support Files/Pods-Jay.Domain/Pods-Jay.Domain.release.xcconfig"; sourceTree = "<group>"; };
		6D43172321B1798800CCD7ED /* Result.swift */ = {isa = PBXFileReference; lastKnownFileType = sourcecode.swift; path = Result.swift; sourceTree = "<group>"; };
		6D43172621B179D700CCD7ED /* Authorization.swift */ = {isa = PBXFileReference; fileEncoding = 4; lastKnownFileType = sourcecode.swift; path = Authorization.swift; sourceTree = "<group>"; };
		6D43172A21B17A1E00CCD7ED /* User.swift */ = {isa = PBXFileReference; lastKnownFileType = sourcecode.swift; path = User.swift; sourceTree = "<group>"; };
		6D43172D21B17AA300CCD7ED /* Reader.swift */ = {isa = PBXFileReference; lastKnownFileType = sourcecode.swift; path = Reader.swift; sourceTree = "<group>"; };
		6D43172F21B17B2000CCD7ED /* Operators.swift */ = {isa = PBXFileReference; fileEncoding = 4; lastKnownFileType = sourcecode.swift; path = Operators.swift; sourceTree = "<group>"; };
		6D43173221B17B5D00CCD7ED /* UsersRepository.swift */ = {isa = PBXFileReference; fileEncoding = 4; lastKnownFileType = sourcecode.swift; path = UsersRepository.swift; sourceTree = "<group>"; };
		6D4675A821B16284000EC970 /* Jay_Domain.framework */ = {isa = PBXFileReference; explicitFileType = wrapper.framework; includeInIndex = 0; path = Jay_Domain.framework; sourceTree = BUILT_PRODUCTS_DIR; };
		6D4675AB21B16284000EC970 /* Jay_Domain.h */ = {isa = PBXFileReference; lastKnownFileType = sourcecode.c.h; path = Jay_Domain.h; sourceTree = "<group>"; };
		6D4675AC21B16284000EC970 /* Info.plist */ = {isa = PBXFileReference; lastKnownFileType = text.plist.xml; path = Info.plist; sourceTree = "<group>"; };
		6D4675B121B16284000EC970 /* Jay.DomainTests.xctest */ = {isa = PBXFileReference; explicitFileType = wrapper.cfbundle; includeInIndex = 0; path = Jay.DomainTests.xctest; sourceTree = BUILT_PRODUCTS_DIR; };
		6D4675B821B16284000EC970 /* Info.plist */ = {isa = PBXFileReference; lastKnownFileType = text.plist.xml; path = Info.plist; sourceTree = "<group>"; };
		6DF6923921B18533000CEF4C /* RealmSwift.framework */ = {isa = PBXFileReference; explicitFileType = wrapper.framework; path = RealmSwift.framework; sourceTree = BUILT_PRODUCTS_DIR; };
		6DF6923B21B18554000CEF4C /* Realm.framework */ = {isa = PBXFileReference; explicitFileType = wrapper.framework; path = Realm.framework; sourceTree = BUILT_PRODUCTS_DIR; };
		6DF6923D21B187A1000CEF4C /* Realm.framework */ = {isa = PBXFileReference; explicitFileType = wrapper.framework; path = Realm.framework; sourceTree = BUILT_PRODUCTS_DIR; };
/* End PBXFileReference section */

/* Begin PBXFrameworksBuildPhase section */
		6D4675A521B16284000EC970 /* Frameworks */ = {
			isa = PBXFrameworksBuildPhase;
			buildActionMask = 2147483647;
			files = (
				50AC2F42D1E75BD2F5B369DF /* Pods_Jay_Domain.framework in Frameworks */,
			);
			runOnlyForDeploymentPostprocessing = 0;
		};
		6D4675AE21B16284000EC970 /* Frameworks */ = {
			isa = PBXFrameworksBuildPhase;
			buildActionMask = 2147483647;
			files = (
				6D4675B221B16284000EC970 /* Jay_Domain.framework in Frameworks */,
			);
			runOnlyForDeploymentPostprocessing = 0;
		};
/* End PBXFrameworksBuildPhase section */

/* Begin PBXGroup section */
		2B866965379834C9BC6076D4 /* Pods */ = {
			isa = PBXGroup;
			children = (
				1FBD56D0004A418343026F06 /* Pods-Jay.Domain.debug.xcconfig */,
				462E4C70AC1A3E5B3F654FD8 /* Pods-Jay.Domain.release.xcconfig */,
			);
			name = Pods;
			sourceTree = "<group>";
		};
		6D43172521B179D700CCD7ED /* User */ = {
			isa = PBXGroup;
			children = (
				6D43172621B179D700CCD7ED /* Authorization.swift */,
				6D43172A21B17A1E00CCD7ED /* User.swift */,
			);
			path = User;
			sourceTree = "<group>";
		};
		6D43172C21B17A9500CCD7ED /* DI */ = {
			isa = PBXGroup;
			children = (
				6D43172D21B17AA300CCD7ED /* Reader.swift */,
			);
			path = DI;
			sourceTree = "<group>";
		};
		6D43173121B17B5D00CCD7ED /* Respositories */ = {
			isa = PBXGroup;
			children = (
				6D43173221B17B5D00CCD7ED /* UsersRepository.swift */,
			);
			path = Respositories;
			sourceTree = "<group>";
		};
		6D46759E21B16284000EC970 = {
			isa = PBXGroup;
			children = (
				6D4675AA21B16284000EC970 /* Jay.Domain */,
				6D4675B521B16284000EC970 /* Jay.DomainTests */,
				6D4675A921B16284000EC970 /* Products */,
				6DF6923821B18533000CEF4C /* Frameworks */,
				2B866965379834C9BC6076D4 /* Pods */,
			);
			sourceTree = "<group>";
		};
		6D4675A921B16284000EC970 /* Products */ = {
			isa = PBXGroup;
			children = (
				6D4675A821B16284000EC970 /* Jay_Domain.framework */,
				6D4675B121B16284000EC970 /* Jay.DomainTests.xctest */,
			);
			name = Products;
			sourceTree = "<group>";
		};
		6D4675AA21B16284000EC970 /* Jay.Domain */ = {
			isa = PBXGroup;
			children = (
				6D43172C21B17A9500CCD7ED /* DI */,
				6D43173121B17B5D00CCD7ED /* Respositories */,
				6D43172521B179D700CCD7ED /* User */,
				6D43172F21B17B2000CCD7ED /* Operators.swift */,
				6D43172321B1798800CCD7ED /* Result.swift */,
				6D4675AC21B16284000EC970 /* Info.plist */,
				6D4675AB21B16284000EC970 /* Jay_Domain.h */,
			);
			path = Jay.Domain;
			sourceTree = "<group>";
		};
		6D4675B521B16284000EC970 /* Jay.DomainTests */ = {
			isa = PBXGroup;
			children = (
				6D4675B821B16284000EC970 /* Info.plist */,
			);
			path = Jay.DomainTests;
			sourceTree = "<group>";
		};
		6DF6923821B18533000CEF4C /* Frameworks */ = {
			isa = PBXGroup;
			children = (
				6DF6923D21B187A1000CEF4C /* Realm.framework */,
				6DF6923B21B18554000CEF4C /* Realm.framework */,
				6DF6923921B18533000CEF4C /* RealmSwift.framework */,
				102051F96F099C33C2CEA488 /* Pods_Jay_Domain.framework */,
			);
			name = Frameworks;
			sourceTree = "<group>";
		};
/* End PBXGroup section */

/* Begin PBXHeadersBuildPhase section */
		6D4675A321B16284000EC970 /* Headers */ = {
			isa = PBXHeadersBuildPhase;
			buildActionMask = 2147483647;
			files = (
				6D4675B921B16284000EC970 /* Jay_Domain.h in Headers */,
			);
			runOnlyForDeploymentPostprocessing = 0;
		};
/* End PBXHeadersBuildPhase section */

/* Begin PBXNativeTarget section */
		6D4675A721B16284000EC970 /* Jay.Domain */ = {
			isa = PBXNativeTarget;
			buildConfigurationList = 6D4675BC21B16284000EC970 /* Build configuration list for PBXNativeTarget "Jay.Domain" */;
			buildPhases = (
				EC3EB8918941DAA7EB6117DA /* [CP] Check Pods Manifest.lock */,
				6D4675A321B16284000EC970 /* Headers */,
				6D4675A421B16284000EC970 /* Sources */,
				6D4675A521B16284000EC970 /* Frameworks */,
				6D4675A621B16284000EC970 /* Resources */,
			);
			buildRules = (
			);
			dependencies = (
			);
			name = Jay.Domain;
			productName = Jay.Domain;
			productReference = 6D4675A821B16284000EC970 /* Jay_Domain.framework */;
			productType = "com.apple.product-type.framework";
		};
		6D4675B021B16284000EC970 /* Jay.DomainTests */ = {
			isa = PBXNativeTarget;
			buildConfigurationList = 6D4675BF21B16284000EC970 /* Build configuration list for PBXNativeTarget "Jay.DomainTests" */;
			buildPhases = (
				6D4675AD21B16284000EC970 /* Sources */,
				6D4675AE21B16284000EC970 /* Frameworks */,
				6D4675AF21B16284000EC970 /* Resources */,
			);
			buildRules = (
			);
			dependencies = (
				6D4675B421B16284000EC970 /* PBXTargetDependency */,
			);
			name = Jay.DomainTests;
			productName = Jay.DomainTests;
			productReference = 6D4675B121B16284000EC970 /* Jay.DomainTests.xctest */;
			productType = "com.apple.product-type.bundle.unit-test";
		};
/* End PBXNativeTarget section */

/* Begin PBXProject section */
		6D46759F21B16284000EC970 /* Project object */ = {
			isa = PBXProject;
			attributes = {
				LastSwiftUpdateCheck = 1010;
				LastUpgradeCheck = 1010;
				ORGANIZATIONNAME = "Pavel Shyliahau";
				TargetAttributes = {
					6D4675A721B16284000EC970 = {
						CreatedOnToolsVersion = 10.1;
					};
					6D4675B021B16284000EC970 = {
						CreatedOnToolsVersion = 10.1;
					};
				};
			};
			buildConfigurationList = 6D4675A221B16284000EC970 /* Build configuration list for PBXProject "Jay.Domain" */;
			compatibilityVersion = "Xcode 9.3";
			developmentRegion = en;
			hasScannedForEncodings = 0;
			knownRegions = (
				en,
			);
			mainGroup = 6D46759E21B16284000EC970;
			productRefGroup = 6D4675A921B16284000EC970 /* Products */;
			projectDirPath = "";
			projectRoot = "";
			targets = (
				6D4675A721B16284000EC970 /* Jay.Domain */,
				6D4675B021B16284000EC970 /* Jay.DomainTests */,
			);
		};
/* End PBXProject section */

/* Begin PBXResourcesBuildPhase section */
		6D4675A621B16284000EC970 /* Resources */ = {
			isa = PBXResourcesBuildPhase;
			buildActionMask = 2147483647;
			files = (
			);
			runOnlyForDeploymentPostprocessing = 0;
		};
		6D4675AF21B16284000EC970 /* Resources */ = {
			isa = PBXResourcesBuildPhase;
			buildActionMask = 2147483647;
			files = (
			);
			runOnlyForDeploymentPostprocessing = 0;
		};
/* End PBXResourcesBuildPhase section */

/* Begin PBXShellScriptBuildPhase section */
		EC3EB8918941DAA7EB6117DA /* [CP] Check Pods Manifest.lock */ = {
			isa = PBXShellScriptBuildPhase;
			buildActionMask = 2147483647;
			files = (
			);
			inputPaths = (
				"${PODS_PODFILE_DIR_PATH}/Podfile.lock",
				"${PODS_ROOT}/Manifest.lock",
			);
			name = "[CP] Check Pods Manifest.lock";
			outputPaths = (
				"$(DERIVED_FILE_DIR)/Pods-Jay.Domain-checkManifestLockResult.txt",
			);
			runOnlyForDeploymentPostprocessing = 0;
			shellPath = /bin/sh;
			shellScript = "diff \"${PODS_PODFILE_DIR_PATH}/Podfile.lock\" \"${PODS_ROOT}/Manifest.lock\" > /dev/null\nif [ $? != 0 ] ; then\n    # print error to STDERR\n    echo \"error: The sandbox is not in sync with the Podfile.lock. Run 'pod install' or update your CocoaPods installation.\" >&2\n    exit 1\nfi\n# This output is used by Xcode 'outputs' to avoid re-running this script phase.\necho \"SUCCESS\" > \"${SCRIPT_OUTPUT_FILE_0}\"\n";
			showEnvVarsInLog = 0;
		};
/* End PBXShellScriptBuildPhase section */

/* Begin PBXSourcesBuildPhase section */
		6D4675A421B16284000EC970 /* Sources */ = {
			isa = PBXSourcesBuildPhase;
			buildActionMask = 2147483647;
			files = (
				6D43172421B1798800CCD7ED /* Result.swift in Sources */,
				6D43173021B17B2000CCD7ED /* Operators.swift in Sources */,
				6D43172821B179D700CCD7ED /* Authorization.swift in Sources */,
				6D43172E21B17AA300CCD7ED /* Reader.swift in Sources */,
				6D43173321B17B5E00CCD7ED /* UsersRepository.swift in Sources */,
				6D43172B21B17A1E00CCD7ED /* User.swift in Sources */,
			);
			runOnlyForDeploymentPostprocessing = 0;
		};
		6D4675AD21B16284000EC970 /* Sources */ = {
			isa = PBXSourcesBuildPhase;
			buildActionMask = 2147483647;
			files = (
			);
			runOnlyForDeploymentPostprocessing = 0;
		};
/* End PBXSourcesBuildPhase section */

/* Begin PBXTargetDependency section */
		6D4675B421B16284000EC970 /* PBXTargetDependency */ = {
			isa = PBXTargetDependency;
			target = 6D4675A721B16284000EC970 /* Jay.Domain */;
			targetProxy = 6D4675B321B16284000EC970 /* PBXContainerItemProxy */;
		};
/* End PBXTargetDependency section */

/* Begin XCBuildConfiguration section */
		6D4675BA21B16284000EC970 /* Debug */ = {
			isa = XCBuildConfiguration;
			buildSettings = {
				ALWAYS_SEARCH_USER_PATHS = NO;
				CLANG_ANALYZER_NONNULL = YES;
				CLANG_ANALYZER_NUMBER_OBJECT_CONVERSION = YES_AGGRESSIVE;
				CLANG_CXX_LANGUAGE_STANDARD = "gnu++14";
				CLANG_CXX_LIBRARY = "libc++";
				CLANG_ENABLE_MODULES = YES;
				CLANG_ENABLE_OBJC_ARC = YES;
				CLANG_ENABLE_OBJC_WEAK = YES;
				CLANG_WARN_BLOCK_CAPTURE_AUTORELEASING = YES;
				CLANG_WARN_BOOL_CONVERSION = YES;
				CLANG_WARN_COMMA = YES;
				CLANG_WARN_CONSTANT_CONVERSION = YES;
				CLANG_WARN_DEPRECATED_OBJC_IMPLEMENTATIONS = YES;
				CLANG_WARN_DIRECT_OBJC_ISA_USAGE = YES_ERROR;
				CLANG_WARN_DOCUMENTATION_COMMENTS = YES;
				CLANG_WARN_EMPTY_BODY = YES;
				CLANG_WARN_ENUM_CONVERSION = YES;
				CLANG_WARN_INFINITE_RECURSION = YES;
				CLANG_WARN_INT_CONVERSION = YES;
				CLANG_WARN_NON_LITERAL_NULL_CONVERSION = YES;
				CLANG_WARN_OBJC_IMPLICIT_RETAIN_SELF = YES;
				CLANG_WARN_OBJC_LITERAL_CONVERSION = YES;
				CLANG_WARN_OBJC_ROOT_CLASS = YES_ERROR;
				CLANG_WARN_RANGE_LOOP_ANALYSIS = YES;
				CLANG_WARN_STRICT_PROTOTYPES = YES;
				CLANG_WARN_SUSPICIOUS_MOVE = YES;
				CLANG_WARN_UNGUARDED_AVAILABILITY = YES_AGGRESSIVE;
				CLANG_WARN_UNREACHABLE_CODE = YES;
				CLANG_WARN__DUPLICATE_METHOD_MATCH = YES;
				CODE_SIGN_IDENTITY = "iPhone Developer";
				COPY_PHASE_STRIP = NO;
				CURRENT_PROJECT_VERSION = 1;
				DEBUG_INFORMATION_FORMAT = dwarf;
				ENABLE_STRICT_OBJC_MSGSEND = YES;
				ENABLE_TESTABILITY = YES;
				GCC_C_LANGUAGE_STANDARD = gnu11;
				GCC_DYNAMIC_NO_PIC = NO;
				GCC_NO_COMMON_BLOCKS = YES;
				GCC_OPTIMIZATION_LEVEL = 0;
				GCC_PREPROCESSOR_DEFINITIONS = (
					"DEBUG=1",
					"$(inherited)",
				);
				GCC_WARN_64_TO_32_BIT_CONVERSION = YES;
				GCC_WARN_ABOUT_RETURN_TYPE = YES_ERROR;
				GCC_WARN_UNDECLARED_SELECTOR = YES;
				GCC_WARN_UNINITIALIZED_AUTOS = YES_AGGRESSIVE;
				GCC_WARN_UNUSED_FUNCTION = YES;
				GCC_WARN_UNUSED_VARIABLE = YES;
				IPHONEOS_DEPLOYMENT_TARGET = 12.1;
				MTL_ENABLE_DEBUG_INFO = INCLUDE_SOURCE;
				MTL_FAST_MATH = YES;
				ONLY_ACTIVE_ARCH = YES;
				SDKROOT = iphoneos;
				SWIFT_ACTIVE_COMPILATION_CONDITIONS = DEBUG;
				SWIFT_OPTIMIZATION_LEVEL = "-Onone";
				VERSIONING_SYSTEM = "apple-generic";
				VERSION_INFO_PREFIX = "";
			};
			name = Debug;
		};
		6D4675BB21B16284000EC970 /* Release */ = {
			isa = XCBuildConfiguration;
			buildSettings = {
				ALWAYS_SEARCH_USER_PATHS = NO;
				CLANG_ANALYZER_NONNULL = YES;
				CLANG_ANALYZER_NUMBER_OBJECT_CONVERSION = YES_AGGRESSIVE;
				CLANG_CXX_LANGUAGE_STANDARD = "gnu++14";
				CLANG_CXX_LIBRARY = "libc++";
				CLANG_ENABLE_MODULES = YES;
				CLANG_ENABLE_OBJC_ARC = YES;
				CLANG_ENABLE_OBJC_WEAK = YES;
				CLANG_WARN_BLOCK_CAPTURE_AUTORELEASING = YES;
				CLANG_WARN_BOOL_CONVERSION = YES;
				CLANG_WARN_COMMA = YES;
				CLANG_WARN_CONSTANT_CONVERSION = YES;
				CLANG_WARN_DEPRECATED_OBJC_IMPLEMENTATIONS = YES;
				CLANG_WARN_DIRECT_OBJC_ISA_USAGE = YES_ERROR;
				CLANG_WARN_DOCUMENTATION_COMMENTS = YES;
				CLANG_WARN_EMPTY_BODY = YES;
				CLANG_WARN_ENUM_CONVERSION = YES;
				CLANG_WARN_INFINITE_RECURSION = YES;
				CLANG_WARN_INT_CONVERSION = YES;
				CLANG_WARN_NON_LITERAL_NULL_CONVERSION = YES;
				CLANG_WARN_OBJC_IMPLICIT_RETAIN_SELF = YES;
				CLANG_WARN_OBJC_LITERAL_CONVERSION = YES;
				CLANG_WARN_OBJC_ROOT_CLASS = YES_ERROR;
				CLANG_WARN_RANGE_LOOP_ANALYSIS = YES;
				CLANG_WARN_STRICT_PROTOTYPES = YES;
				CLANG_WARN_SUSPICIOUS_MOVE = YES;
				CLANG_WARN_UNGUARDED_AVAILABILITY = YES_AGGRESSIVE;
				CLANG_WARN_UNREACHABLE_CODE = YES;
				CLANG_WARN__DUPLICATE_METHOD_MATCH = YES;
				CODE_SIGN_IDENTITY = "iPhone Developer";
				COPY_PHASE_STRIP = NO;
				CURRENT_PROJECT_VERSION = 1;
				DEBUG_INFORMATION_FORMAT = "dwarf-with-dsym";
				ENABLE_NS_ASSERTIONS = NO;
				ENABLE_STRICT_OBJC_MSGSEND = YES;
				GCC_C_LANGUAGE_STANDARD = gnu11;
				GCC_NO_COMMON_BLOCKS = YES;
				GCC_WARN_64_TO_32_BIT_CONVERSION = YES;
				GCC_WARN_ABOUT_RETURN_TYPE = YES_ERROR;
				GCC_WARN_UNDECLARED_SELECTOR = YES;
				GCC_WARN_UNINITIALIZED_AUTOS = YES_AGGRESSIVE;
				GCC_WARN_UNUSED_FUNCTION = YES;
				GCC_WARN_UNUSED_VARIABLE = YES;
				IPHONEOS_DEPLOYMENT_TARGET = 12.1;
				MTL_ENABLE_DEBUG_INFO = NO;
				MTL_FAST_MATH = YES;
				SDKROOT = iphoneos;
				SWIFT_COMPILATION_MODE = wholemodule;
				SWIFT_OPTIMIZATION_LEVEL = "-O";
				VALIDATE_PRODUCT = YES;
				VERSIONING_SYSTEM = "apple-generic";
				VERSION_INFO_PREFIX = "";
			};
			name = Release;
		};
		6D4675BD21B16284000EC970 /* Debug */ = {
			isa = XCBuildConfiguration;
			baseConfigurationReference = 1FBD56D0004A418343026F06 /* Pods-Jay.Domain.debug.xcconfig */;
			buildSettings = {
				CODE_SIGN_IDENTITY = "";
				CODE_SIGN_STYLE = Automatic;
				DEFINES_MODULE = YES;
				DYLIB_COMPATIBILITY_VERSION = 1;
				DYLIB_CURRENT_VERSION = 1;
				DYLIB_INSTALL_NAME_BASE = "@rpath";
				INFOPLIST_FILE = Jay.Domain/Info.plist;
				INSTALL_PATH = "$(LOCAL_LIBRARY_DIR)/Frameworks";
				IPHONEOS_DEPLOYMENT_TARGET = 9.3;
				LD_RUNPATH_SEARCH_PATHS = (
					"$(inherited)",
					"@executable_path/Frameworks",
					"@loader_path/Frameworks",
				);
				PRODUCT_BUNDLE_IDENTIFIER = "p69.Jay-Domain";
				PRODUCT_NAME = "$(TARGET_NAME:c99extidentifier)";
				SKIP_INSTALL = YES;
				SWIFT_VERSION = 4.2;
				TARGETED_DEVICE_FAMILY = "1,2";
			};
			name = Debug;
		};
		6D4675BE21B16284000EC970 /* Release */ = {
			isa = XCBuildConfiguration;
			baseConfigurationReference = 462E4C70AC1A3E5B3F654FD8 /* Pods-Jay.Domain.release.xcconfig */;
			buildSettings = {
				CODE_SIGN_IDENTITY = "";
				CODE_SIGN_STYLE = Automatic;
				DEFINES_MODULE = YES;
				DYLIB_COMPATIBILITY_VERSION = 1;
				DYLIB_CURRENT_VERSION = 1;
				DYLIB_INSTALL_NAME_BASE = "@rpath";
				INFOPLIST_FILE = Jay.Domain/Info.plist;
				INSTALL_PATH = "$(LOCAL_LIBRARY_DIR)/Frameworks";
				IPHONEOS_DEPLOYMENT_TARGET = 9.3;
				LD_RUNPATH_SEARCH_PATHS = (
					"$(inherited)",
					"@executable_path/Frameworks",
					"@loader_path/Frameworks",
				);
				PRODUCT_BUNDLE_IDENTIFIER = "p69.Jay-Domain";
				PRODUCT_NAME = "$(TARGET_NAME:c99extidentifier)";
				SKIP_INSTALL = YES;
				SWIFT_VERSION = 4.2;
				TARGETED_DEVICE_FAMILY = "1,2";
			};
			name = Release;
		};
		6D4675C021B16284000EC970 /* Debug */ = {
			isa = XCBuildConfiguration;
			buildSettings = {
				ALWAYS_EMBED_SWIFT_STANDARD_LIBRARIES = YES;
				CODE_SIGN_STYLE = Automatic;
				INFOPLIST_FILE = Jay.DomainTests/Info.plist;
				LD_RUNPATH_SEARCH_PATHS = (
					"$(inherited)",
					"@executable_path/Frameworks",
					"@loader_path/Frameworks",
				);
				PRODUCT_BUNDLE_IDENTIFIER = "p69.Jay-DomainTests";
				PRODUCT_NAME = "$(TARGET_NAME)";
				SWIFT_VERSION = 4.2;
				TARGETED_DEVICE_FAMILY = "1,2";
			};
			name = Debug;
		};
		6D4675C121B16284000EC970 /* Release */ = {
			isa = XCBuildConfiguration;
			buildSettings = {
				ALWAYS_EMBED_SWIFT_STANDARD_LIBRARIES = YES;
				CODE_SIGN_STYLE = Automatic;
				INFOPLIST_FILE = Jay.DomainTests/Info.plist;
				LD_RUNPATH_SEARCH_PATHS = (
					"$(inherited)",
					"@executable_path/Frameworks",
					"@loader_path/Frameworks",
				);
				PRODUCT_BUNDLE_IDENTIFIER = "p69.Jay-DomainTests";
				PRODUCT_NAME = "$(TARGET_NAME)";
				SWIFT_VERSION = 4.2;
				TARGETED_DEVICE_FAMILY = "1,2";
			};
			name = Release;
		};
/* End XCBuildConfiguration section */

/* Begin XCConfigurationList section */
		6D4675A221B16284000EC970 /* Build configuration list for PBXProject "Jay.Domain" */ = {
			isa = XCConfigurationList;
			buildConfigurations = (
				6D4675BA21B16284000EC970 /* Debug */,
				6D4675BB21B16284000EC970 /* Release */,
			);
			defaultConfigurationIsVisible = 0;
			defaultConfigurationName = Release;
		};
		6D4675BC21B16284000EC970 /* Build configuration list for PBXNativeTarget "Jay.Domain" */ = {
			isa = XCConfigurationList;
			buildConfigurations = (
				6D4675BD21B16284000EC970 /* Debug */,
				6D4675BE21B16284000EC970 /* Release */,
			);
			defaultConfigurationIsVisible = 0;
			defaultConfigurationName = Release;
		};
		6D4675BF21B16284000EC970 /* Build configuration list for PBXNativeTarget "Jay.DomainTests" */ = {
			isa = XCConfigurationList;
			buildConfigurations = (
				6D4675C021B16284000EC970 /* Debug */,
				6D4675C121B16284000EC970 /* Release */,
			);
			defaultConfigurationIsVisible = 0;
			defaultConfigurationName = Release;
		};
/* End XCConfigurationList section */
	};
	rootObject = 6D46759F21B16284000EC970 /* Project object */;
}
